// !$*UTF8*$!
{
	archiveVersion = 1;
	classes = {
	};
	objectVersion = 56;
	objects = {

/* Begin PBXBuildFile section */
		1A6C8CCA29AC73B50035109C /* Flickr.swift in Sources */ = {isa = PBXBuildFile; fileRef = 1A6C8CC929AC73B50035109C /* Flickr.swift */; };
		1A6C8CCC29AC74070035109C /* FlickrPhoto.swift in Sources */ = {isa = PBXBuildFile; fileRef = 1A6C8CCB29AC74070035109C /* FlickrPhoto.swift */; };
		1A6C8CCE29AC74330035109C /* FlickrSearchResults.swift in Sources */ = {isa = PBXBuildFile; fileRef = 1A6C8CCD29AC74330035109C /* FlickrSearchResults.swift */; };
		1A6C8CD029AC76090035109C /* FlickrPhotosViewController.swift in Sources */ = {isa = PBXBuildFile; fileRef = 1A6C8CCF29AC76090035109C /* FlickrPhotosViewController.swift */; };
		1A6C8CD429ACB3450035109C /* FlickrPhotoCell.swift in Sources */ = {isa = PBXBuildFile; fileRef = 1A6C8CD329ACB3450035109C /* FlickrPhotoCell.swift */; };
		1A80AEEE29B46D7D00D3DD42 /* FlickrPhotoHeaderView.swift in Sources */ = {isa = PBXBuildFile; fileRef = 1A80AEED29B46D7D00D3DD42 /* FlickrPhotoHeaderView.swift */; };
		1A80AEF029B4707900D3DD42 /* FlickrPhotosViewController+UICollectionViewDataSource.swift in Sources */ = {isa = PBXBuildFile; fileRef = 1A80AEEF29B4707900D3DD42 /* FlickrPhotosViewController+UICollectionViewDataSource.swift */; };
		1ADD790429A61D5B0038F031 /* AppDelegate.swift in Sources */ = {isa = PBXBuildFile; fileRef = 1ADD790329A61D5B0038F031 /* AppDelegate.swift */; };
		1ADD790629A61D5B0038F031 /* SceneDelegate.swift in Sources */ = {isa = PBXBuildFile; fileRef = 1ADD790529A61D5B0038F031 /* SceneDelegate.swift */; };
		1ADD790B29A61D5B0038F031 /* Main.storyboard in Resources */ = {isa = PBXBuildFile; fileRef = 1ADD790929A61D5B0038F031 /* Main.storyboard */; };
		1ADD790D29A61D5D0038F031 /* Assets.xcassets in Resources */ = {isa = PBXBuildFile; fileRef = 1ADD790C29A61D5D0038F031 /* Assets.xcassets */; };
		1ADD791029A61D5D0038F031 /* LaunchScreen.storyboard in Resources */ = {isa = PBXBuildFile; fileRef = 1ADD790E29A61D5D0038F031 /* LaunchScreen.storyboard */; };
/* End PBXBuildFile section */

/* Begin PBXFileReference section */
		1A6C8CC929AC73B50035109C /* Flickr.swift */ = {isa = PBXFileReference; lastKnownFileType = sourcecode.swift; path = Flickr.swift; sourceTree = "<group>"; };
		1A6C8CCB29AC74070035109C /* FlickrPhoto.swift */ = {isa = PBXFileReference; lastKnownFileType = sourcecode.swift; path = FlickrPhoto.swift; sourceTree = "<group>"; };
		1A6C8CCD29AC74330035109C /* FlickrSearchResults.swift */ = {isa = PBXFileReference; lastKnownFileType = sourcecode.swift; path = FlickrSearchResults.swift; sourceTree = "<group>"; };
		1A6C8CCF29AC76090035109C /* FlickrPhotosViewController.swift */ = {isa = PBXFileReference; lastKnownFileType = sourcecode.swift; path = FlickrPhotosViewController.swift; sourceTree = "<group>"; };
		1A6C8CD329ACB3450035109C /* FlickrPhotoCell.swift */ = {isa = PBXFileReference; lastKnownFileType = sourcecode.swift; path = FlickrPhotoCell.swift; sourceTree = "<group>"; };
		1A80AEED29B46D7D00D3DD42 /* FlickrPhotoHeaderView.swift */ = {isa = PBXFileReference; lastKnownFileType = sourcecode.swift; path = FlickrPhotoHeaderView.swift; sourceTree = "<group>"; };
		1A80AEEF29B4707900D3DD42 /* FlickrPhotosViewController+UICollectionViewDataSource.swift */ = {isa = PBXFileReference; lastKnownFileType = sourcecode.swift; path = "FlickrPhotosViewController+UICollectionViewDataSource.swift"; sourceTree = "<group>"; };
		1ADD790029A61D5B0038F031 /* Flickr Search.app */ = {isa = PBXFileReference; explicitFileType = wrapper.application; includeInIndex = 0; path = "Flickr Search.app"; sourceTree = BUILT_PRODUCTS_DIR; };
		1ADD790329A61D5B0038F031 /* AppDelegate.swift */ = {isa = PBXFileReference; lastKnownFileType = sourcecode.swift; path = AppDelegate.swift; sourceTree = "<group>"; };
		1ADD790529A61D5B0038F031 /* SceneDelegate.swift */ = {isa = PBXFileReference; lastKnownFileType = sourcecode.swift; path = SceneDelegate.swift; sourceTree = "<group>"; };
		1ADD790A29A61D5B0038F031 /* Base */ = {isa = PBXFileReference; lastKnownFileType = file.storyboard; name = Base; path = Base.lproj/Main.storyboard; sourceTree = "<group>"; };
		1ADD790C29A61D5D0038F031 /* Assets.xcassets */ = {isa = PBXFileReference; lastKnownFileType = folder.assetcatalog; path = Assets.xcassets; sourceTree = "<group>"; };
		1ADD790F29A61D5D0038F031 /* Base */ = {isa = PBXFileReference; lastKnownFileType = file.storyboard; name = Base; path = Base.lproj/LaunchScreen.storyboard; sourceTree = "<group>"; };
		1ADD791129A61D5D0038F031 /* Info.plist */ = {isa = PBXFileReference; lastKnownFileType = text.plist.xml; path = Info.plist; sourceTree = "<group>"; };
/* End PBXFileReference section */

/* Begin PBXFrameworksBuildPhase section */
		1ADD78FD29A61D5B0038F031 /* Frameworks */ = {
			isa = PBXFrameworksBuildPhase;
			buildActionMask = 2147483647;
			files = (
			);
			runOnlyForDeploymentPostprocessing = 0;
		};
/* End PBXFrameworksBuildPhase section */

/* Begin PBXGroup section */
		1A6C8CC829AC73570035109C /* FlickrFiles */ = {
			isa = PBXGroup;
			children = (
				1A6C8CC929AC73B50035109C /* Flickr.swift */,
				1A6C8CCB29AC74070035109C /* FlickrPhoto.swift */,
				1A6C8CCD29AC74330035109C /* FlickrSearchResults.swift */,
			);
			path = FlickrFiles;
			sourceTree = "<group>";
		};
		1A80AEF129B4A25E00D3DD42 /* Views */ = {
			isa = PBXGroup;
			children = (
				1A6C8CD329ACB3450035109C /* FlickrPhotoCell.swift */,
			);
			path = Views;
			sourceTree = "<group>";
		};
		1A80AEF229B4A28900D3DD42 /* ViewControllers */ = {
			isa = PBXGroup;
			children = (
				1A6C8CCF29AC76090035109C /* FlickrPhotosViewController.swift */,
				1A80AEED29B46D7D00D3DD42 /* FlickrPhotoHeaderView.swift */,
				1A80AEEF29B4707900D3DD42 /* FlickrPhotosViewController+UICollectionViewDataSource.swift */,
			);
			path = ViewControllers;
			sourceTree = "<group>";
		};
		1ADD78F729A61D5B0038F031 = {
			isa = PBXGroup;
			children = (
				1ADD790229A61D5B0038F031 /* Flickr Search */,
				1ADD790129A61D5B0038F031 /* Products */,
			);
			sourceTree = "<group>";
		};
		1ADD790129A61D5B0038F031 /* Products */ = {
			isa = PBXGroup;
			children = (
				1ADD790029A61D5B0038F031 /* Flickr Search.app */,
			);
			name = Products;
			sourceTree = "<group>";
		};
		1ADD790229A61D5B0038F031 /* Flickr Search */ = {
			isa = PBXGroup;
			children = (
				1A80AEF229B4A28900D3DD42 /* ViewControllers */,
				1A80AEF129B4A25E00D3DD42 /* Views */,
				1A6C8CC829AC73570035109C /* FlickrFiles */,
				1ADD790329A61D5B0038F031 /* AppDelegate.swift */,
				1ADD790529A61D5B0038F031 /* SceneDelegate.swift */,
				1ADD790929A61D5B0038F031 /* Main.storyboard */,
				1ADD790C29A61D5D0038F031 /* Assets.xcassets */,
				1ADD790E29A61D5D0038F031 /* LaunchScreen.storyboard */,
				1ADD791129A61D5D0038F031 /* Info.plist */,
			);
			path = "Flickr Search";
			sourceTree = "<group>";
		};
/* End PBXGroup section */

/* Begin PBXNativeTarget section */
		1ADD78FF29A61D5B0038F031 /* Flickr Search */ = {
			isa = PBXNativeTarget;
			buildConfigurationList = 1ADD791429A61D5D0038F031 /* Build configuration list for PBXNativeTarget "Flickr Search" */;
			buildPhases = (
				1ADD78FC29A61D5B0038F031 /* Sources */,
				1ADD78FD29A61D5B0038F031 /* Frameworks */,
				1ADD78FE29A61D5B0038F031 /* Resources */,
			);
			buildRules = (
			);
			dependencies = (
			);
			name = "Flickr Search";
			productName = "Flickr Search";
			productReference = 1ADD790029A61D5B0038F031 /* Flickr Search.app */;
			productType = "com.apple.product-type.application";
		};
/* End PBXNativeTarget section */

/* Begin PBXProject section */
		1ADD78F829A61D5B0038F031 /* Project object */ = {
			isa = PBXProject;
			attributes = {
				BuildIndependentTargetsInParallel = 1;
				LastSwiftUpdateCheck = 1420;
				LastUpgradeCheck = 1420;
				TargetAttributes = {
					1ADD78FF29A61D5B0038F031 = {
						CreatedOnToolsVersion = 14.2;
					};
				};
			};
			buildConfigurationList = 1ADD78FB29A61D5B0038F031 /* Build configuration list for PBXProject "Flickr Search" */;
			compatibilityVersion = "Xcode 14.0";
			developmentRegion = en;
			hasScannedForEncodings = 0;
			knownRegions = (
				en,
				Base,
			);
			mainGroup = 1ADD78F729A61D5B0038F031;
			productRefGroup = 1ADD790129A61D5B0038F031 /* Products */;
			projectDirPath = "";
			projectRoot = "";
			targets = (
				1ADD78FF29A61D5B0038F031 /* Flickr Search */,
			);
		};
/* End PBXProject section */

/* Begin PBXResourcesBuildPhase section */
		1ADD78FE29A61D5B0038F031 /* Resources */ = {
			isa = PBXResourcesBuildPhase;
			buildActionMask = 2147483647;
			files = (
				1ADD791029A61D5D0038F031 /* LaunchScreen.storyboard in Resources */,
				1ADD790D29A61D5D0038F031 /* Assets.xcassets in Resources */,
				1ADD790B29A61D5B0038F031 /* Main.storyboard in Resources */,
			);
			runOnlyForDeploymentPostprocessing = 0;
		};
/* End PBXResourcesBuildPhase section */

/* Begin PBXSourcesBuildPhase section */
		1ADD78FC29A61D5B0038F031 /* Sources */ = {
			isa = PBXSourcesBuildPhase;
			buildActionMask = 2147483647;
			files = (
				1A6C8CD029AC76090035109C /* FlickrPhotosViewController.swift in Sources */,
				1A6C8CCE29AC74330035109C /* FlickrSearchResults.swift in Sources */,
				1A80AEF029B4707900D3DD42 /* FlickrPhotosViewController+UICollectionViewDataSource.swift in Sources */,
				1ADD790429A61D5B0038F031 /* AppDelegate.swift in Sources */,
				1A6C8CCA29AC73B50035109C /* Flickr.swift in Sources */,
				1A6C8CD429ACB3450035109C /* FlickrPhotoCell.swift in Sources */,
				1A6C8CCC29AC74070035109C /* FlickrPhoto.swift in Sources */,
				1ADD790629A61D5B0038F031 /* SceneDelegate.swift in Sources */,
				1A80AEEE29B46D7D00D3DD42 /* FlickrPhotoHeaderView.swift in Sources */,
			);
			runOnlyForDeploymentPostprocessing = 0;
		};
/* End PBXSourcesBuildPhase section */

/* Begin PBXVariantGroup section */
		1ADD790929A61D5B0038F031 /* Main.storyboard */ = {
			isa = PBXVariantGroup;
			children = (
				1ADD790A29A61D5B0038F031 /* Base */,
			);
			name = Main.storyboard;
			sourceTree = "<group>";
		};
		1ADD790E29A61D5D0038F031 /* LaunchScreen.storyboard */ = {
			isa = PBXVariantGroup;
			children = (
				1ADD790F29A61D5D0038F031 /* Base */,
			);
			name = LaunchScreen.storyboard;
			sourceTree = "<group>";
		};
/* End PBXVariantGroup section */

/* Begin XCBuildConfiguration section */
		1ADD791229A61D5D0038F031 /* Debug */ = {
			isa = XCBuildConfiguration;
			buildSettings = {
				ALWAYS_SEARCH_USER_PATHS = NO;
				CLANG_ANALYZER_NONNULL = YES;
				CLANG_ANALYZER_NUMBER_OBJECT_CONVERSION = YES_AGGRESSIVE;
				CLANG_CXX_LANGUAGE_STANDARD = "gnu++20";
				CLANG_ENABLE_MODULES = YES;
				CLANG_ENABLE_OBJC_ARC = YES;
				CLANG_ENABLE_OBJC_WEAK = YES;
				CLANG_WARN_BLOCK_CAPTURE_AUTORELEASING = YES;
				CLANG_WARN_BOOL_CONVERSION = YES;
				CLANG_WARN_COMMA = YES;
				CLANG_WARN_CONSTANT_CONVERSION = YES;
				CLANG_WARN_DEPRECATED_OBJC_IMPLEMENTATIONS = YES;
				CLANG_WARN_DIRECT_OBJC_ISA_USAGE = YES_ERROR;
				CLANG_WARN_DOCUMENTATION_COMMENTS = YES;
				CLANG_WARN_EMPTY_BODY = YES;
				CLANG_WARN_ENUM_CONVERSION = YES;
				CLANG_WARN_INFINITE_RECURSION = YES;
				CLANG_WARN_INT_CONVERSION = YES;
				CLANG_WARN_NON_LITERAL_NULL_CONVERSION = YES;
				CLANG_WARN_OBJC_IMPLICIT_RETAIN_SELF = YES;
				CLANG_WARN_OBJC_LITERAL_CONVERSION = YES;
				CLANG_WARN_OBJC_ROOT_CLASS = YES_ERROR;
				CLANG_WARN_QUOTED_INCLUDE_IN_FRAMEWORK_HEADER = YES;
				CLANG_WARN_RANGE_LOOP_ANALYSIS = YES;
				CLANG_WARN_STRICT_PROTOTYPES = YES;
				CLANG_WARN_SUSPICIOUS_MOVE = YES;
				CLANG_WARN_UNGUARDED_AVAILABILITY = YES_AGGRESSIVE;
				CLANG_WARN_UNREACHABLE_CODE = YES;
				CLANG_WARN__DUPLICATE_METHOD_MATCH = YES;
				COPY_PHASE_STRIP = NO;
				DEBUG_INFORMATION_FORMAT = dwarf;
				ENABLE_STRICT_OBJC_MSGSEND = YES;
				ENABLE_TESTABILITY = YES;
				GCC_C_LANGUAGE_STANDARD = gnu11;
				GCC_DYNAMIC_NO_PIC = NO;
				GCC_NO_COMMON_BLOCKS = YES;
				GCC_OPTIMIZATION_LEVEL = 0;
				GCC_PREPROCESSOR_DEFINITIONS = (
					"DEBUG=1",
					"$(inherited)",
				);
				GCC_WARN_64_TO_32_BIT_CONVERSION = YES;
				GCC_WARN_ABOUT_RETURN_TYPE = YES_ERROR;
				GCC_WARN_UNDECLARED_SELECTOR = YES;
				GCC_WARN_UNINITIALIZED_AUTOS = YES_AGGRESSIVE;
				GCC_WARN_UNUSED_FUNCTION = YES;
				GCC_WARN_UNUSED_VARIABLE = YES;
				IPHONEOS_DEPLOYMENT_TARGET = 16.2;
				MTL_ENABLE_DEBUG_INFO = INCLUDE_SOURCE;
				MTL_FAST_MATH = YES;
				ONLY_ACTIVE_ARCH = YES;
				SDKROOT = iphoneos;
				SWIFT_ACTIVE_COMPILATION_CONDITIONS = DEBUG;
				SWIFT_OPTIMIZATION_LEVEL = "-Onone";
			};
			name = Debug;
		};
		1ADD791329A61D5D0038F031 /* Release */ = {
			isa = XCBuildConfiguration;
			buildSettings = {
				ALWAYS_SEARCH_USER_PATHS = NO;
				CLANG_ANALYZER_NONNULL = YES;
				CLANG_ANALYZER_NUMBER_OBJECT_CONVERSION = YES_AGGRESSIVE;
				CLANG_CXX_LANGUAGE_STANDARD = "gnu++20";
				CLANG_ENABLE_MODULES = YES;
				CLANG_ENABLE_OBJC_ARC = YES;
				CLANG_ENABLE_OBJC_WEAK = YES;
				CLANG_WARN_BLOCK_CAPTURE_AUTORELEASING = YES;
				CLANG_WARN_BOOL_CONVERSION = YES;
				CLANG_WARN_COMMA = YES;
				CLANG_WARN_CONSTANT_CONVERSION = YES;
				CLANG_WARN_DEPRECATED_OBJC_IMPLEMENTATIONS = YES;
				CLANG_WARN_DIRECT_OBJC_ISA_USAGE = YES_ERROR;
				CLANG_WARN_DOCUMENTATION_COMMENTS = YES;
				CLANG_WARN_EMPTY_BODY = YES;
				CLANG_WARN_ENUM_CONVERSION = YES;
				CLANG_WARN_INFINITE_RECURSION = YES;
				CLANG_WARN_INT_CONVERSION = YES;
				CLANG_WARN_NON_LITERAL_NULL_CONVERSION = YES;
				CLANG_WARN_OBJC_IMPLICIT_RETAIN_SELF = YES;
				CLANG_WARN_OBJC_LITERAL_CONVERSION = YES;
				CLANG_WARN_OBJC_ROOT_CLASS = YES_ERROR;
				CLANG_WARN_QUOTED_INCLUDE_IN_FRAMEWORK_HEADER = YES;
				CLANG_WARN_RANGE_LOOP_ANALYSIS = YES;
				CLANG_WARN_STRICT_PROTOTYPES = YES;
				CLANG_WARN_SUSPICIOUS_MOVE = YES;
				CLANG_WARN_UNGUARDED_AVAILABILITY = YES_AGGRESSIVE;
				CLANG_WARN_UNREACHABLE_CODE = YES;
				CLANG_WARN__DUPLICATE_METHOD_MATCH = YES;
				COPY_PHASE_STRIP = NO;
				DEBUG_INFORMATION_FORMAT = "dwarf-with-dsym";
				ENABLE_NS_ASSERTIONS = NO;
				ENABLE_STRICT_OBJC_MSGSEND = YES;
				GCC_C_LANGUAGE_STANDARD = gnu11;
				GCC_NO_COMMON_BLOCKS = YES;
				GCC_WARN_64_TO_32_BIT_CONVERSION = YES;
				GCC_WARN_ABOUT_RETURN_TYPE = YES_ERROR;
				GCC_WARN_UNDECLARED_SELECTOR = YES;
				GCC_WARN_UNINITIALIZED_AUTOS = YES_AGGRESSIVE;
				GCC_WARN_UNUSED_FUNCTION = YES;
				GCC_WARN_UNUSED_VARIABLE = YES;
				IPHONEOS_DEPLOYMENT_TARGET = 16.2;
				MTL_ENABLE_DEBUG_INFO = NO;
				MTL_FAST_MATH = YES;
				SDKROOT = iphoneos;
				SWIFT_COMPILATION_MODE = wholemodule;
				SWIFT_OPTIMIZATION_LEVEL = "-O";
				VALIDATE_PRODUCT = YES;
			};
			name = Release;
		};
		1ADD791529A61D5D0038F031 /* Debug */ = {
			isa = XCBuildConfiguration;
			buildSettings = {
				ASSETCATALOG_COMPILER_APPICON_NAME = AppIcon;
				ASSETCATALOG_COMPILER_GLOBAL_ACCENT_COLOR_NAME = AccentColor;
				CODE_SIGN_STYLE = Automatic;
				CURRENT_PROJECT_VERSION = 1;
				GENERATE_INFOPLIST_FILE = YES;
				INFOPLIST_FILE = "Flickr Search/Info.plist";
				INFOPLIST_KEY_UIApplicationSupportsIndirectInputEvents = YES;
				INFOPLIST_KEY_UILaunchStoryboardName = LaunchScreen;
				INFOPLIST_KEY_UIMainStoryboardFile = Main;
				INFOPLIST_KEY_UISupportedInterfaceOrientations_iPad = "UIInterfaceOrientationPortrait UIInterfaceOrientationPortraitUpsideDown UIInterfaceOrientationLandscapeLeft UIInterfaceOrientationLandscapeRight";
				INFOPLIST_KEY_UISupportedInterfaceOrientations_iPhone = "UIInterfaceOrientationPortrait UIInterfaceOrientationLandscapeLeft UIInterfaceOrientationLandscapeRight";
				LD_RUNPATH_SEARCH_PATHS = (
					"$(inherited)",
					"@executable_path/Frameworks",
				);
				MARKETING_VERSION = 1.0;
				PRODUCT_BUNDLE_IDENTIFIER = "com.sadi.Flickr-Search";
				PRODUCT_NAME = "$(TARGET_NAME)";
				SWIFT_EMIT_LOC_STRINGS = YES;
				SWIFT_VERSION = 5.0;
				TARGETED_DEVICE_FAMILY = "1,2";
			};
			name = Debug;
		};
		1ADD791629A61D5D0038F031 /* Release */ = {
			isa = XCBuildConfiguration;
			buildSettings = {
				ASSETCATALOG_COMPILER_APPICON_NAME = AppIcon;
				ASSETCATALOG_COMPILER_GLOBAL_ACCENT_COLOR_NAME = AccentColor;
				CODE_SIGN_STYLE = Automatic;
				CURRENT_PROJECT_VERSION = 1;
				GENERATE_INFOPLIST_FILE = YES;
				INFOPLIST_FILE = "Flickr Search/Info.plist";
				INFOPLIST_KEY_UIApplicationSupportsIndirectInputEvents = YES;
				INFOPLIST_KEY_UILaunchStoryboardName = LaunchScreen;
				INFOPLIST_KEY_UIMainStoryboardFile = Main;
				INFOPLIST_KEY_UISupportedInterfaceOrientations_iPad = "UIInterfaceOrientationPortrait UIInterfaceOrientationPortraitUpsideDown UIInterfaceOrientationLandscapeLeft UIInterfaceOrientationLandscapeRight";
				INFOPLIST_KEY_UISupportedInterfaceOrientations_iPhone = "UIInterfaceOrientationPortrait UIInterfaceOrientationLandscapeLeft UIInterfaceOrientationLandscapeRight";
				LD_RUNPATH_SEARCH_PATHS = (
					"$(inherited)",
					"@executable_path/Frameworks",
				);
				MARKETING_VERSION = 1.0;
				PRODUCT_BUNDLE_IDENTIFIER = "com.sadi.Flickr-Search";
				PRODUCT_NAME = "$(TARGET_NAME)";
				SWIFT_EMIT_LOC_STRINGS = YES;
				SWIFT_VERSION = 5.0;
				TARGETED_DEVICE_FAMILY = "1,2";
			};
			name = Release;
		};
/* End XCBuildConfiguration section */

/* Begin XCConfigurationList section */
		1ADD78FB29A61D5B0038F031 /* Build configuration list for PBXProject "Flickr Search" */ = {
			isa = XCConfigurationList;
			buildConfigurations = (
				1ADD791229A61D5D0038F031 /* Debug */,
				1ADD791329A61D5D0038F031 /* Release */,
			);
			defaultConfigurationIsVisible = 0;
			defaultConfigurationName = Release;
		};
		1ADD791429A61D5D0038F031 /* Build configuration list for PBXNativeTarget "Flickr Search" */ = {
			isa = XCConfigurationList;
			buildConfigurations = (
				1ADD791529A61D5D0038F031 /* Debug */,
				1ADD791629A61D5D0038F031 /* Release */,
			);
			defaultConfigurationIsVisible = 0;
			defaultConfigurationName = Release;
		};
/* End XCConfigurationList section */
	};
	rootObject = 1ADD78F829A61D5B0038F031 /* Project object */;
}
